
Microsoft Visual Studio Solution File, Format Version 12.00
# Visual Studio Version 17
VisualStudioVersion = 17.14.36408.4 d17.14
MinimumVisualStudioVersion = 10.0.40219.1
Project("{FAE04EC0-301F-11D3-BF4B-00C04F79EFBC}") = "Premosh10", "Premosh10.csproj", "{DB9434B6-113F-4206-8713-08F513B655DA}"
EndProject
Global
	GlobalSection(SolutionConfigurationPlatforms) = preSolution
		Debug|Any CPU = Debug|Any CPU
		Release|Any CPU = Release|Any CPU
	EndGlobalSection
	GlobalSection(ProjectConfigurationPlatforms) = postSolution
		{DB9434B6-113F-4206-8713-08F513B655DA}.Debug|Any CPU.ActiveCfg = Debug|Any CPU
		{DB9434B6-113F-4206-8713-08F513B655DA}.Debug|Any CPU.Build.0 = Debug|Any CPU
		{DB9434B6-113F-4206-8713-08F513B655DA}.Release|Any CPU.ActiveCfg = Release|Any CPU
		{DB9434B6-113F-4206-8713-08F513B655DA}.Release|Any CPU.Build.0 = Release|Any CPU
	EndGlobalSection
	GlobalSection(SolutionProperties) = preSolution
		HideSolutionNode = FALSE
	EndGlobalSection
	GlobalSection(ExtensibilityGlobals) = postSolution
		SolutionGuid = {BC1C57A4-A9F7-44DB-BC64-46590A9FBD35}
	EndGlobalSection
EndGlobal
